
Microsoft Visual Studio Solution File, Format Version 12.00
# Visual Studio Version 17
VisualStudioVersion = 17.8.34330.188
MinimumVisualStudioVersion = 10.0.40219.1
Project("{8BC9CEB8-8B4A-11D0-8D11-00A0C91BC942}") = "util", "util\util.vcxproj", "{E7B848BA-C631-406F-90B5-794B69798B05}"
EndProject
Project("{8BC9CEB8-8B4A-11D0-8D11-00A0C91BC942}") = "p", "p\p.vcxproj", "{AD1CC6FB-B3CA-452B-A56D-25A93105242A}"
EndProject
Project("{2150E333-8FDC-42A3-9474-1A3956D46DE8}") = "soul", "soul", "{A92239B8-54B4-4394-9B76-03AB200FCC96}"
EndProject
Project("{8BC9CEB8-8B4A-11D0-8D11-00A0C91BC942}") = "ast", "soul\ast\ast.vcxproj", "{54C4F368-CAA6-4753-9163-2E760F4CD71D}"
EndProject
Project("{8BC9CEB8-8B4A-11D0-8D11-00A0C91BC942}") = "common", "soul\common\common.vcxproj", "{FEE24696-E12B-480C-8882-E19EF9A095D4}"
EndProject
Project("{8BC9CEB8-8B4A-11D0-8D11-00A0C91BC942}") = "lexer", "soul\lexer\lexer.vcxproj", "{D4A9E69E-A491-4F2B-9138-A91475E2ACD9}"
EndProject
Project("{8BC9CEB8-8B4A-11D0-8D11-00A0C91BC942}") = "parser", "soul\parser\parser.vcxproj", "{08C93238-EA12-45A4-9B55-96F3146F9203}"
EndProject
Project("{2150E333-8FDC-42A3-9474-1A3956D46DE8}") = "xml", "xml", "{01EFEDDB-5AEE-4622-8369-7FC9A593ACAE}"
EndProject
Project("{8BC9CEB8-8B4A-11D0-8D11-00A0C91BC942}") = "dom", "soul\xml\dom\dom.vcxproj", "{93B13BCD-E8EC-46B6-A4F9-63D1561AA45E}"
EndProject
Project("{8BC9CEB8-8B4A-11D0-8D11-00A0C91BC942}") = "processor", "soul\xml\processor\processor.vcxproj", "{226D7642-DCA5-44F5-BA80-0DC365AE8720}"
EndProject
Project("{8BC9CEB8-8B4A-11D0-8D11-00A0C91BC942}") = "xml_parser", "soul\xml\xml_parser\xml_parser.vcxproj", "{F39190F8-F3FC-4019-A230-04D4EBD4BFEE}"
EndProject
Project("{8BC9CEB8-8B4A-11D0-8D11-00A0C91BC942}") = "dom_parser", "soul\xml\dom_parser\dom_parser.vcxproj", "{73528A87-C4D1-4DB5-A458-3A5B7E925A4B}"
EndProject
Project("{8BC9CEB8-8B4A-11D0-8D11-00A0C91BC942}") = "xpath", "soul\xml\xpath\xpath.vcxproj", "{983E8AF2-EB04-46A8-AD9E-592747E7CBA7}"
EndProject
Project("{8BC9CEB8-8B4A-11D0-8D11-00A0C91BC942}") = "zlibstat", "ext\zlib-1.2.11\contrib\vstudio\vc14\zlibstat.vcxproj", "{745DEC58-EBB3-47A9-A9B8-4C6627C01BF8}"
EndProject
Project("{2150E333-8FDC-42A3-9474-1A3956D46DE8}") = "unit", "unit", "{80635306-4E6F-4B59-A16D-4AB5CBC6C3BC}"
	ProjectSection(SolutionItems) = preProject
		unit\Syntax.p = unit\Syntax.p
		unit\Syntax.pcode.txt = unit\Syntax.pcode.txt
		unit\System.Graphics.p = unit\System.Graphics.p
		unit\System.Graphics.pcode.txt = unit\System.Graphics.pcode.txt
		unit\System.Graphics.Primitive.p = unit\System.Graphics.Primitive.p
		unit\System.Graphics.Primitive.pcode.txt = unit\System.Graphics.Primitive.pcode.txt
		unit\System.p = unit\System.p
		unit\System.pcode.txt = unit\System.pcode.txt
	EndProjectSection
EndProject
Project("{2150E333-8FDC-42A3-9474-1A3956D46DE8}") = "prog", "prog", "{DF57D891-F629-4D13-9F98-5DC8F4E145F2}"
	ProjectSection(SolutionItems) = preProject
		prog\Hello.p = prog\Hello.p
		prog\Hello.pcode.txt = prog\Hello.pcode.txt
		prog\Minimal.p = prog\Minimal.p
		prog\Minimal.pcode.txt = prog\Minimal.pcode.txt
		prog\SyntaxDiagrams.p = prog\SyntaxDiagrams.p
		prog\SyntaxDiagrams.pcode.txt = prog\SyntaxDiagrams.pcode.txt
	EndProjectSection
EndProject
Project("{8BC9CEB8-8B4A-11D0-8D11-00A0C91BC942}") = "pc", "pc\pc.vcxproj", "{45F34112-4F5F-4C58-94DB-62E0EF176642}"
EndProject
Project("{8BC9CEB8-8B4A-11D0-8D11-00A0C91BC942}") = "pd", "pd\pd.vcxproj", "{9EF582DE-2817-47F2-A08D-D1FF74E0D23D}"
EndProject
Project("{8BC9CEB8-8B4A-11D0-8D11-00A0C91BC942}") = "rp", "rp\rp.vcxproj", "{5F358595-7699-4CFE-9F73-0A4EE4997B2F}"
EndProject
Project("{2150E333-8FDC-42A3-9474-1A3956D46DE8}") = "tool", "tool", "{88F119F8-6530-45A9-9E16-072BABD51B2A}"
EndProject
Project("{8BC9CEB8-8B4A-11D0-8D11-00A0C91BC942}") = "p2html", "tool\p2html\p2html.vcxproj", "{23E13F16-A084-41F1-AFDD-B948BF3BB314}"
EndProject
Project("{8BC9CEB8-8B4A-11D0-8D11-00A0C91BC942}") = "ref2html", "tool\ref2html\ref2html.vcxproj", "{5A0A317E-14A4-4CDB-A40D-E3F3F7E51D10}"
EndProject
Global
	GlobalSection(SolutionConfigurationPlatforms) = preSolution
		Debug|Itanium = Debug|Itanium
		Debug|x64 = Debug|x64
		Debug|x86 = Debug|x86
		Release|Itanium = Release|Itanium
		Release|x64 = Release|x64
		Release|x86 = Release|x86
		ReleaseWithoutAsm|Itanium = ReleaseWithoutAsm|Itanium
		ReleaseWithoutAsm|x64 = ReleaseWithoutAsm|x64
		ReleaseWithoutAsm|x86 = ReleaseWithoutAsm|x86
		Trace|Itanium = Trace|Itanium
		Trace|x64 = Trace|x64
		Trace|x86 = Trace|x86
	EndGlobalSection
	GlobalSection(ProjectConfigurationPlatforms) = postSolution
		{E7B848BA-C631-406F-90B5-794B69798B05}.Debug|Itanium.ActiveCfg = Debug|x64
		{E7B848BA-C631-406F-90B5-794B69798B05}.Debug|Itanium.Build.0 = Debug|x64
		{E7B848BA-C631-406F-90B5-794B69798B05}.Debug|x64.ActiveCfg = Debug|x64
		{E7B848BA-C631-406F-90B5-794B69798B05}.Debug|x64.Build.0 = Debug|x64
		{E7B848BA-C631-406F-90B5-794B69798B05}.Debug|x86.ActiveCfg = Debug|Win32
		{E7B848BA-C631-406F-90B5-794B69798B05}.Debug|x86.Build.0 = Debug|Win32
		{E7B848BA-C631-406F-90B5-794B69798B05}.Release|Itanium.ActiveCfg = Release|x64
		{E7B848BA-C631-406F-90B5-794B69798B05}.Release|Itanium.Build.0 = Release|x64
		{E7B848BA-C631-406F-90B5-794B69798B05}.Release|x64.ActiveCfg = Release|x64
		{E7B848BA-C631-406F-90B5-794B69798B05}.Release|x64.Build.0 = Release|x64
		{E7B848BA-C631-406F-90B5-794B69798B05}.Release|x86.ActiveCfg = Release|Win32
		{E7B848BA-C631-406F-90B5-794B69798B05}.Release|x86.Build.0 = Release|Win32
		{E7B848BA-C631-406F-90B5-794B69798B05}.ReleaseWithoutAsm|Itanium.ActiveCfg = Release|x64
		{E7B848BA-C631-406F-90B5-794B69798B05}.ReleaseWithoutAsm|Itanium.Build.0 = Release|x64
		{E7B848BA-C631-406F-90B5-794B69798B05}.ReleaseWithoutAsm|x64.ActiveCfg = Release|x64
		{E7B848BA-C631-406F-90B5-794B69798B05}.ReleaseWithoutAsm|x64.Build.0 = Release|x64
		{E7B848BA-C631-406F-90B5-794B69798B05}.ReleaseWithoutAsm|x86.ActiveCfg = Release|Win32
		{E7B848BA-C631-406F-90B5-794B69798B05}.ReleaseWithoutAsm|x86.Build.0 = Release|Win32
		{E7B848BA-C631-406F-90B5-794B69798B05}.Trace|Itanium.ActiveCfg = Debug|x64
		{E7B848BA-C631-406F-90B5-794B69798B05}.Trace|Itanium.Build.0 = Debug|x64
		{E7B848BA-C631-406F-90B5-794B69798B05}.Trace|x64.ActiveCfg = Debug|x64
		{E7B848BA-C631-406F-90B5-794B69798B05}.Trace|x64.Build.0 = Debug|x64
		{E7B848BA-C631-406F-90B5-794B69798B05}.Trace|x86.ActiveCfg = Debug|Win32
		{E7B848BA-C631-406F-90B5-794B69798B05}.Trace|x86.Build.0 = Debug|Win32
		{AD1CC6FB-B3CA-452B-A56D-25A93105242A}.Debug|Itanium.ActiveCfg = Debug|x64
		{AD1CC6FB-B3CA-452B-A56D-25A93105242A}.Debug|Itanium.Build.0 = Debug|x64
		{AD1CC6FB-B3CA-452B-A56D-25A93105242A}.Debug|x64.ActiveCfg = Debug|x64
		{AD1CC6FB-B3CA-452B-A56D-25A93105242A}.Debug|x64.Build.0 = Debug|x64
		{AD1CC6FB-B3CA-452B-A56D-25A93105242A}.Debug|x86.ActiveCfg = Debug|Win32
		{AD1CC6FB-B3CA-452B-A56D-25A93105242A}.Debug|x86.Build.0 = Debug|Win32
		{AD1CC6FB-B3CA-452B-A56D-25A93105242A}.Release|Itanium.ActiveCfg = Release|x64
		{AD1CC6FB-B3CA-452B-A56D-25A93105242A}.Release|Itanium.Build.0 = Release|x64
		{AD1CC6FB-B3CA-452B-A56D-25A93105242A}.Release|x64.ActiveCfg = Release|x64
		{AD1CC6FB-B3CA-452B-A56D-25A93105242A}.Release|x64.Build.0 = Release|x64
		{AD1CC6FB-B3CA-452B-A56D-25A93105242A}.Release|x86.ActiveCfg = Release|Win32
		{AD1CC6FB-B3CA-452B-A56D-25A93105242A}.Release|x86.Build.0 = Release|Win32
		{AD1CC6FB-B3CA-452B-A56D-25A93105242A}.ReleaseWithoutAsm|Itanium.ActiveCfg = Release|x64
		{AD1CC6FB-B3CA-452B-A56D-25A93105242A}.ReleaseWithoutAsm|Itanium.Build.0 = Release|x64
		{AD1CC6FB-B3CA-452B-A56D-25A93105242A}.ReleaseWithoutAsm|x64.ActiveCfg = Release|x64
		{AD1CC6FB-B3CA-452B-A56D-25A93105242A}.ReleaseWithoutAsm|x64.Build.0 = Release|x64
		{AD1CC6FB-B3CA-452B-A56D-25A93105242A}.ReleaseWithoutAsm|x86.ActiveCfg = Release|Win32
		{AD1CC6FB-B3CA-452B-A56D-25A93105242A}.ReleaseWithoutAsm|x86.Build.0 = Release|Win32
		{AD1CC6FB-B3CA-452B-A56D-25A93105242A}.Trace|Itanium.ActiveCfg = Debug|x64
		{AD1CC6FB-B3CA-452B-A56D-25A93105242A}.Trace|Itanium.Build.0 = Debug|x64
		{AD1CC6FB-B3CA-452B-A56D-25A93105242A}.Trace|x64.ActiveCfg = Debug|x64
		{AD1CC6FB-B3CA-452B-A56D-25A93105242A}.Trace|x64.Build.0 = Debug|x64
		{AD1CC6FB-B3CA-452B-A56D-25A93105242A}.Trace|x86.ActiveCfg = Debug|Win32
		{AD1CC6FB-B3CA-452B-A56D-25A93105242A}.Trace|x86.Build.0 = Debug|Win32
		{54C4F368-CAA6-4753-9163-2E760F4CD71D}.Debug|Itanium.ActiveCfg = Debug|x64
		{54C4F368-CAA6-4753-9163-2E760F4CD71D}.Debug|Itanium.Build.0 = Debug|x64
		{54C4F368-CAA6-4753-9163-2E760F4CD71D}.Debug|x64.ActiveCfg = Debug|x64
		{54C4F368-CAA6-4753-9163-2E760F4CD71D}.Debug|x64.Build.0 = Debug|x64
		{54C4F368-CAA6-4753-9163-2E760F4CD71D}.Debug|x86.ActiveCfg = Debug|Win32
		{54C4F368-CAA6-4753-9163-2E760F4CD71D}.Debug|x86.Build.0 = Debug|Win32
		{54C4F368-CAA6-4753-9163-2E760F4CD71D}.Release|Itanium.ActiveCfg = Release|x64
		{54C4F368-CAA6-4753-9163-2E760F4CD71D}.Release|Itanium.Build.0 = Release|x64
		{54C4F368-CAA6-4753-9163-2E760F4CD71D}.Release|x64.ActiveCfg = Release|x64
		{54C4F368-CAA6-4753-9163-2E760F4CD71D}.Release|x64.Build.0 = Release|x64
		{54C4F368-CAA6-4753-9163-2E760F4CD71D}.Release|x86.ActiveCfg = Release|Win32
		{54C4F368-CAA6-4753-9163-2E760F4CD71D}.Release|x86.Build.0 = Release|Win32
		{54C4F368-CAA6-4753-9163-2E760F4CD71D}.ReleaseWithoutAsm|Itanium.ActiveCfg = Release|x64
		{54C4F368-CAA6-4753-9163-2E760F4CD71D}.ReleaseWithoutAsm|Itanium.Build.0 = Release|x64
		{54C4F368-CAA6-4753-9163-2E760F4CD71D}.ReleaseWithoutAsm|x64.ActiveCfg = Release|x64
		{54C4F368-CAA6-4753-9163-2E760F4CD71D}.ReleaseWithoutAsm|x64.Build.0 = Release|x64
		{54C4F368-CAA6-4753-9163-2E760F4CD71D}.ReleaseWithoutAsm|x86.ActiveCfg = Release|Win32
		{54C4F368-CAA6-4753-9163-2E760F4CD71D}.ReleaseWithoutAsm|x86.Build.0 = Release|Win32
		{54C4F368-CAA6-4753-9163-2E760F4CD71D}.Trace|Itanium.ActiveCfg = Debug|x64
		{54C4F368-CAA6-4753-9163-2E760F4CD71D}.Trace|Itanium.Build.0 = Debug|x64
		{54C4F368-CAA6-4753-9163-2E760F4CD71D}.Trace|x64.ActiveCfg = Debug|x64
		{54C4F368-CAA6-4753-9163-2E760F4CD71D}.Trace|x64.Build.0 = Debug|x64
		{54C4F368-CAA6-4753-9163-2E760F4CD71D}.Trace|x86.ActiveCfg = Debug|Win32
		{54C4F368-CAA6-4753-9163-2E760F4CD71D}.Trace|x86.Build.0 = Debug|Win32
		{FEE24696-E12B-480C-8882-E19EF9A095D4}.Debug|Itanium.ActiveCfg = Debug|x64
		{FEE24696-E12B-480C-8882-E19EF9A095D4}.Debug|Itanium.Build.0 = Debug|x64
		{FEE24696-E12B-480C-8882-E19EF9A095D4}.Debug|x64.ActiveCfg = Debug|x64
		{FEE24696-E12B-480C-8882-E19EF9A095D4}.Debug|x64.Build.0 = Debug|x64
		{FEE24696-E12B-480C-8882-E19EF9A095D4}.Debug|x86.ActiveCfg = Debug|Win32
		{FEE24696-E12B-480C-8882-E19EF9A095D4}.Debug|x86.Build.0 = Debug|Win32
		{FEE24696-E12B-480C-8882-E19EF9A095D4}.Release|Itanium.ActiveCfg = Release|x64
		{FEE24696-E12B-480C-8882-E19EF9A095D4}.Release|Itanium.Build.0 = Release|x64
		{FEE24696-E12B-480C-8882-E19EF9A095D4}.Release|x64.ActiveCfg = Release|x64
		{FEE24696-E12B-480C-8882-E19EF9A095D4}.Release|x64.Build.0 = Release|x64
		{FEE24696-E12B-480C-8882-E19EF9A095D4}.Release|x86.ActiveCfg = Release|Win32
		{FEE24696-E12B-480C-8882-E19EF9A095D4}.Release|x86.Build.0 = Release|Win32
		{FEE24696-E12B-480C-8882-E19EF9A095D4}.ReleaseWithoutAsm|Itanium.ActiveCfg = Release|x64
		{FEE24696-E12B-480C-8882-E19EF9A095D4}.ReleaseWithoutAsm|Itanium.Build.0 = Release|x64
		{FEE24696-E12B-480C-8882-E19EF9A095D4}.ReleaseWithoutAsm|x64.ActiveCfg = Release|x64
		{FEE24696-E12B-480C-8882-E19EF9A095D4}.ReleaseWithoutAsm|x64.Build.0 = Release|x64
		{FEE24696-E12B-480C-8882-E19EF9A095D4}.ReleaseWithoutAsm|x86.ActiveCfg = Release|Win32
		{FEE24696-E12B-480C-8882-E19EF9A095D4}.ReleaseWithoutAsm|x86.Build.0 = Release|Win32
		{FEE24696-E12B-480C-8882-E19EF9A095D4}.Trace|Itanium.ActiveCfg = Debug|x64
		{FEE24696-E12B-480C-8882-E19EF9A095D4}.Trace|Itanium.Build.0 = Debug|x64
		{FEE24696-E12B-480C-8882-E19EF9A095D4}.Trace|x64.ActiveCfg = Debug|x64
		{FEE24696-E12B-480C-8882-E19EF9A095D4}.Trace|x64.Build.0 = Debug|x64
		{FEE24696-E12B-480C-8882-E19EF9A095D4}.Trace|x86.ActiveCfg = Debug|Win32
		{FEE24696-E12B-480C-8882-E19EF9A095D4}.Trace|x86.Build.0 = Debug|Win32
		{D4A9E69E-A491-4F2B-9138-A91475E2ACD9}.Debug|Itanium.ActiveCfg = Debug|x64
		{D4A9E69E-A491-4F2B-9138-A91475E2ACD9}.Debug|Itanium.Build.0 = Debug|x64
		{D4A9E69E-A491-4F2B-9138-A91475E2ACD9}.Debug|x64.ActiveCfg = Debug|x64
		{D4A9E69E-A491-4F2B-9138-A91475E2ACD9}.Debug|x64.Build.0 = Debug|x64
		{D4A9E69E-A491-4F2B-9138-A91475E2ACD9}.Debug|x86.ActiveCfg = Debug|Win32
		{D4A9E69E-A491-4F2B-9138-A91475E2ACD9}.Debug|x86.Build.0 = Debug|Win32
		{D4A9E69E-A491-4F2B-9138-A91475E2ACD9}.Release|Itanium.ActiveCfg = Release|x64
		{D4A9E69E-A491-4F2B-9138-A91475E2ACD9}.Release|Itanium.Build.0 = Release|x64
		{D4A9E69E-A491-4F2B-9138-A91475E2ACD9}.Release|x64.ActiveCfg = Release|x64
		{D4A9E69E-A491-4F2B-9138-A91475E2ACD9}.Release|x64.Build.0 = Release|x64
		{D4A9E69E-A491-4F2B-9138-A91475E2ACD9}.Release|x86.ActiveCfg = Release|Win32
		{D4A9E69E-A491-4F2B-9138-A91475E2ACD9}.Release|x86.Build.0 = Release|Win32
		{D4A9E69E-A491-4F2B-9138-A91475E2ACD9}.ReleaseWithoutAsm|Itanium.ActiveCfg = Release|x64
		{D4A9E69E-A491-4F2B-9138-A91475E2ACD9}.ReleaseWithoutAsm|Itanium.Build.0 = Release|x64
		{D4A9E69E-A491-4F2B-9138-A91475E2ACD9}.ReleaseWithoutAsm|x64.ActiveCfg = Release|x64
		{D4A9E69E-A491-4F2B-9138-A91475E2ACD9}.ReleaseWithoutAsm|x64.Build.0 = Release|x64
		{D4A9E69E-A491-4F2B-9138-A91475E2ACD9}.ReleaseWithoutAsm|x86.ActiveCfg = Release|Win32
		{D4A9E69E-A491-4F2B-9138-A91475E2ACD9}.ReleaseWithoutAsm|x86.Build.0 = Release|Win32
		{D4A9E69E-A491-4F2B-9138-A91475E2ACD9}.Trace|Itanium.ActiveCfg = Debug|x64
		{D4A9E69E-A491-4F2B-9138-A91475E2ACD9}.Trace|Itanium.Build.0 = Debug|x64
		{D4A9E69E-A491-4F2B-9138-A91475E2ACD9}.Trace|x64.ActiveCfg = Debug|x64
		{D4A9E69E-A491-4F2B-9138-A91475E2ACD9}.Trace|x64.Build.0 = Debug|x64
		{D4A9E69E-A491-4F2B-9138-A91475E2ACD9}.Trace|x86.ActiveCfg = Debug|Win32
		{D4A9E69E-A491-4F2B-9138-A91475E2ACD9}.Trace|x86.Build.0 = Debug|Win32
		{08C93238-EA12-45A4-9B55-96F3146F9203}.Debug|Itanium.ActiveCfg = Debug|x64
		{08C93238-EA12-45A4-9B55-96F3146F9203}.Debug|Itanium.Build.0 = Debug|x64
		{08C93238-EA12-45A4-9B55-96F3146F9203}.Debug|x64.ActiveCfg = Debug|x64
		{08C93238-EA12-45A4-9B55-96F3146F9203}.Debug|x64.Build.0 = Debug|x64
		{08C93238-EA12-45A4-9B55-96F3146F9203}.Debug|x86.ActiveCfg = Debug|Win32
		{08C93238-EA12-45A4-9B55-96F3146F9203}.Debug|x86.Build.0 = Debug|Win32
		{08C93238-EA12-45A4-9B55-96F3146F9203}.Release|Itanium.ActiveCfg = Release|x64
		{08C93238-EA12-45A4-9B55-96F3146F9203}.Release|Itanium.Build.0 = Release|x64
		{08C93238-EA12-45A4-9B55-96F3146F9203}.Release|x64.ActiveCfg = Release|x64
		{08C93238-EA12-45A4-9B55-96F3146F9203}.Release|x64.Build.0 = Release|x64
		{08C93238-EA12-45A4-9B55-96F3146F9203}.Release|x86.ActiveCfg = Release|Win32
		{08C93238-EA12-45A4-9B55-96F3146F9203}.Release|x86.Build.0 = Release|Win32
		{08C93238-EA12-45A4-9B55-96F3146F9203}.ReleaseWithoutAsm|Itanium.ActiveCfg = Release|x64
		{08C93238-EA12-45A4-9B55-96F3146F9203}.ReleaseWithoutAsm|Itanium.Build.0 = Release|x64
		{08C93238-EA12-45A4-9B55-96F3146F9203}.ReleaseWithoutAsm|x64.ActiveCfg = Release|x64
		{08C93238-EA12-45A4-9B55-96F3146F9203}.ReleaseWithoutAsm|x64.Build.0 = Release|x64
		{08C93238-EA12-45A4-9B55-96F3146F9203}.ReleaseWithoutAsm|x86.ActiveCfg = Release|Win32
		{08C93238-EA12-45A4-9B55-96F3146F9203}.ReleaseWithoutAsm|x86.Build.0 = Release|Win32
		{08C93238-EA12-45A4-9B55-96F3146F9203}.Trace|Itanium.ActiveCfg = Debug|x64
		{08C93238-EA12-45A4-9B55-96F3146F9203}.Trace|Itanium.Build.0 = Debug|x64
		{08C93238-EA12-45A4-9B55-96F3146F9203}.Trace|x64.ActiveCfg = Debug|x64
		{08C93238-EA12-45A4-9B55-96F3146F9203}.Trace|x64.Build.0 = Debug|x64
		{08C93238-EA12-45A4-9B55-96F3146F9203}.Trace|x86.ActiveCfg = Debug|Win32
		{08C93238-EA12-45A4-9B55-96F3146F9203}.Trace|x86.Build.0 = Debug|Win32
		{93B13BCD-E8EC-46B6-A4F9-63D1561AA45E}.Debug|Itanium.ActiveCfg = Debug|x64
		{93B13BCD-E8EC-46B6-A4F9-63D1561AA45E}.Debug|Itanium.Build.0 = Debug|x64
		{93B13BCD-E8EC-46B6-A4F9-63D1561AA45E}.Debug|x64.ActiveCfg = Debug|x64
		{93B13BCD-E8EC-46B6-A4F9-63D1561AA45E}.Debug|x64.Build.0 = Debug|x64
		{93B13BCD-E8EC-46B6-A4F9-63D1561AA45E}.Debug|x86.ActiveCfg = Debug|Win32
		{93B13BCD-E8EC-46B6-A4F9-63D1561AA45E}.Debug|x86.Build.0 = Debug|Win32
		{93B13BCD-E8EC-46B6-A4F9-63D1561AA45E}.Release|Itanium.ActiveCfg = Release|x64
		{93B13BCD-E8EC-46B6-A4F9-63D1561AA45E}.Release|Itanium.Build.0 = Release|x64
		{93B13BCD-E8EC-46B6-A4F9-63D1561AA45E}.Release|x64.ActiveCfg = Release|x64
		{93B13BCD-E8EC-46B6-A4F9-63D1561AA45E}.Release|x64.Build.0 = Release|x64
		{93B13BCD-E8EC-46B6-A4F9-63D1561AA45E}.Release|x86.ActiveCfg = Release|Win32
		{93B13BCD-E8EC-46B6-A4F9-63D1561AA45E}.Release|x86.Build.0 = Release|Win32
		{93B13BCD-E8EC-46B6-A4F9-63D1561AA45E}.ReleaseWithoutAsm|Itanium.ActiveCfg = Release|x64
		{93B13BCD-E8EC-46B6-A4F9-63D1561AA45E}.ReleaseWithoutAsm|Itanium.Build.0 = Release|x64
		{93B13BCD-E8EC-46B6-A4F9-63D1561AA45E}.ReleaseWithoutAsm|x64.ActiveCfg = Release|x64
		{93B13BCD-E8EC-46B6-A4F9-63D1561AA45E}.ReleaseWithoutAsm|x64.Build.0 = Release|x64
		{93B13BCD-E8EC-46B6-A4F9-63D1561AA45E}.ReleaseWithoutAsm|x86.ActiveCfg = Release|Win32
		{93B13BCD-E8EC-46B6-A4F9-63D1561AA45E}.ReleaseWithoutAsm|x86.Build.0 = Release|Win32
		{93B13BCD-E8EC-46B6-A4F9-63D1561AA45E}.Trace|Itanium.ActiveCfg = Debug|x64
		{93B13BCD-E8EC-46B6-A4F9-63D1561AA45E}.Trace|Itanium.Build.0 = Debug|x64
		{93B13BCD-E8EC-46B6-A4F9-63D1561AA45E}.Trace|x64.ActiveCfg = Debug|x64
		{93B13BCD-E8EC-46B6-A4F9-63D1561AA45E}.Trace|x64.Build.0 = Debug|x64
		{93B13BCD-E8EC-46B6-A4F9-63D1561AA45E}.Trace|x86.ActiveCfg = Debug|Win32
		{93B13BCD-E8EC-46B6-A4F9-63D1561AA45E}.Trace|x86.Build.0 = Debug|Win32
		{226D7642-DCA5-44F5-BA80-0DC365AE8720}.Debug|Itanium.ActiveCfg = Debug|x64
		{226D7642-DCA5-44F5-BA80-0DC365AE8720}.Debug|Itanium.Build.0 = Debug|x64
		{226D7642-DCA5-44F5-BA80-0DC365AE8720}.Debug|x64.ActiveCfg = Debug|x64
		{226D7642-DCA5-44F5-BA80-0DC365AE8720}.Debug|x64.Build.0 = Debug|x64
		{226D7642-DCA5-44F5-BA80-0DC365AE8720}.Debug|x86.ActiveCfg = Debug|Win32
		{226D7642-DCA5-44F5-BA80-0DC365AE8720}.Debug|x86.Build.0 = Debug|Win32
		{226D7642-DCA5-44F5-BA80-0DC365AE8720}.Release|Itanium.ActiveCfg = Release|x64
		{226D7642-DCA5-44F5-BA80-0DC365AE8720}.Release|Itanium.Build.0 = Release|x64
		{226D7642-DCA5-44F5-BA80-0DC365AE8720}.Release|x64.ActiveCfg = Release|x64
		{226D7642-DCA5-44F5-BA80-0DC365AE8720}.Release|x64.Build.0 = Release|x64
		{226D7642-DCA5-44F5-BA80-0DC365AE8720}.Release|x86.ActiveCfg = Release|Win32
		{226D7642-DCA5-44F5-BA80-0DC365AE8720}.Release|x86.Build.0 = Release|Win32
		{226D7642-DCA5-44F5-BA80-0DC365AE8720}.ReleaseWithoutAsm|Itanium.ActiveCfg = Release|x64
		{226D7642-DCA5-44F5-BA80-0DC365AE8720}.ReleaseWithoutAsm|Itanium.Build.0 = Release|x64
		{226D7642-DCA5-44F5-BA80-0DC365AE8720}.ReleaseWithoutAsm|x64.ActiveCfg = Release|x64
		{226D7642-DCA5-44F5-BA80-0DC365AE8720}.ReleaseWithoutAsm|x64.Build.0 = Release|x64
		{226D7642-DCA5-44F5-BA80-0DC365AE8720}.ReleaseWithoutAsm|x86.ActiveCfg = Release|Win32
		{226D7642-DCA5-44F5-BA80-0DC365AE8720}.ReleaseWithoutAsm|x86.Build.0 = Release|Win32
		{226D7642-DCA5-44F5-BA80-0DC365AE8720}.Trace|Itanium.ActiveCfg = Debug|x64
		{226D7642-DCA5-44F5-BA80-0DC365AE8720}.Trace|Itanium.Build.0 = Debug|x64
		{226D7642-DCA5-44F5-BA80-0DC365AE8720}.Trace|x64.ActiveCfg = Debug|x64
		{226D7642-DCA5-44F5-BA80-0DC365AE8720}.Trace|x64.Build.0 = Debug|x64
		{226D7642-DCA5-44F5-BA80-0DC365AE8720}.Trace|x86.ActiveCfg = Debug|Win32
		{226D7642-DCA5-44F5-BA80-0DC365AE8720}.Trace|x86.Build.0 = Debug|Win32
		{F39190F8-F3FC-4019-A230-04D4EBD4BFEE}.Debug|Itanium.ActiveCfg = Debug|x64
		{F39190F8-F3FC-4019-A230-04D4EBD4BFEE}.Debug|Itanium.Build.0 = Debug|x64
		{F39190F8-F3FC-4019-A230-04D4EBD4BFEE}.Debug|x64.ActiveCfg = Debug|x64
		{F39190F8-F3FC-4019-A230-04D4EBD4BFEE}.Debug|x64.Build.0 = Debug|x64
		{F39190F8-F3FC-4019-A230-04D4EBD4BFEE}.Debug|x86.ActiveCfg = Debug|Win32
		{F39190F8-F3FC-4019-A230-04D4EBD4BFEE}.Debug|x86.Build.0 = Debug|Win32
		{F39190F8-F3FC-4019-A230-04D4EBD4BFEE}.Release|Itanium.ActiveCfg = Release|x64
		{F39190F8-F3FC-4019-A230-04D4EBD4BFEE}.Release|Itanium.Build.0 = Release|x64
		{F39190F8-F3FC-4019-A230-04D4EBD4BFEE}.Release|x64.ActiveCfg = Release|x64
		{F39190F8-F3FC-4019-A230-04D4EBD4BFEE}.Release|x64.Build.0 = Release|x64
		{F39190F8-F3FC-4019-A230-04D4EBD4BFEE}.Release|x86.ActiveCfg = Release|Win32
		{F39190F8-F3FC-4019-A230-04D4EBD4BFEE}.Release|x86.Build.0 = Release|Win32
		{F39190F8-F3FC-4019-A230-04D4EBD4BFEE}.ReleaseWithoutAsm|Itanium.ActiveCfg = Release|x64
		{F39190F8-F3FC-4019-A230-04D4EBD4BFEE}.ReleaseWithoutAsm|Itanium.Build.0 = Release|x64
		{F39190F8-F3FC-4019-A230-04D4EBD4BFEE}.ReleaseWithoutAsm|x64.ActiveCfg = Release|x64
		{F39190F8-F3FC-4019-A230-04D4EBD4BFEE}.ReleaseWithoutAsm|x64.Build.0 = Release|x64
		{F39190F8-F3FC-4019-A230-04D4EBD4BFEE}.ReleaseWithoutAsm|x86.ActiveCfg = Release|Win32
		{F39190F8-F3FC-4019-A230-04D4EBD4BFEE}.ReleaseWithoutAsm|x86.Build.0 = Release|Win32
		{F39190F8-F3FC-4019-A230-04D4EBD4BFEE}.Trace|Itanium.ActiveCfg = Debug|x64
		{F39190F8-F3FC-4019-A230-04D4EBD4BFEE}.Trace|Itanium.Build.0 = Debug|x64
		{F39190F8-F3FC-4019-A230-04D4EBD4BFEE}.Trace|x64.ActiveCfg = Debug|x64
		{F39190F8-F3FC-4019-A230-04D4EBD4BFEE}.Trace|x64.Build.0 = Debug|x64
		{F39190F8-F3FC-4019-A230-04D4EBD4BFEE}.Trace|x86.ActiveCfg = Debug|Win32
		{F39190F8-F3FC-4019-A230-04D4EBD4BFEE}.Trace|x86.Build.0 = Debug|Win32
		{73528A87-C4D1-4DB5-A458-3A5B7E925A4B}.Debug|Itanium.ActiveCfg = Debug|x64
		{73528A87-C4D1-4DB5-A458-3A5B7E925A4B}.Debug|Itanium.Build.0 = Debug|x64
		{73528A87-C4D1-4DB5-A458-3A5B7E925A4B}.Debug|x64.ActiveCfg = Debug|x64
		{73528A87-C4D1-4DB5-A458-3A5B7E925A4B}.Debug|x64.Build.0 = Debug|x64
		{73528A87-C4D1-4DB5-A458-3A5B7E925A4B}.Debug|x86.ActiveCfg = Debug|Win32
		{73528A87-C4D1-4DB5-A458-3A5B7E925A4B}.Debug|x86.Build.0 = Debug|Win32
		{73528A87-C4D1-4DB5-A458-3A5B7E925A4B}.Release|Itanium.ActiveCfg = Release|x64
		{73528A87-C4D1-4DB5-A458-3A5B7E925A4B}.Release|Itanium.Build.0 = Release|x64
		{73528A87-C4D1-4DB5-A458-3A5B7E925A4B}.Release|x64.ActiveCfg = Release|x64
		{73528A87-C4D1-4DB5-A458-3A5B7E925A4B}.Release|x64.Build.0 = Release|x64
		{73528A87-C4D1-4DB5-A458-3A5B7E925A4B}.Release|x86.ActiveCfg = Release|Win32
		{73528A87-C4D1-4DB5-A458-3A5B7E925A4B}.Release|x86.Build.0 = Release|Win32
		{73528A87-C4D1-4DB5-A458-3A5B7E925A4B}.ReleaseWithoutAsm|Itanium.ActiveCfg = Release|x64
		{73528A87-C4D1-4DB5-A458-3A5B7E925A4B}.ReleaseWithoutAsm|Itanium.Build.0 = Release|x64
		{73528A87-C4D1-4DB5-A458-3A5B7E925A4B}.ReleaseWithoutAsm|x64.ActiveCfg = Release|x64
		{73528A87-C4D1-4DB5-A458-3A5B7E925A4B}.ReleaseWithoutAsm|x64.Build.0 = Release|x64
		{73528A87-C4D1-4DB5-A458-3A5B7E925A4B}.ReleaseWithoutAsm|x86.ActiveCfg = Release|Win32
		{73528A87-C4D1-4DB5-A458-3A5B7E925A4B}.ReleaseWithoutAsm|x86.Build.0 = Release|Win32
		{73528A87-C4D1-4DB5-A458-3A5B7E925A4B}.Trace|Itanium.ActiveCfg = Debug|x64
		{73528A87-C4D1-4DB5-A458-3A5B7E925A4B}.Trace|Itanium.Build.0 = Debug|x64
		{73528A87-C4D1-4DB5-A458-3A5B7E925A4B}.Trace|x64.ActiveCfg = Debug|x64
		{73528A87-C4D1-4DB5-A458-3A5B7E925A4B}.Trace|x64.Build.0 = Debug|x64
		{73528A87-C4D1-4DB5-A458-3A5B7E925A4B}.Trace|x86.ActiveCfg = Debug|Win32
		{73528A87-C4D1-4DB5-A458-3A5B7E925A4B}.Trace|x86.Build.0 = Debug|Win32
		{983E8AF2-EB04-46A8-AD9E-592747E7CBA7}.Debug|Itanium.ActiveCfg = Debug|x64
		{983E8AF2-EB04-46A8-AD9E-592747E7CBA7}.Debug|Itanium.Build.0 = Debug|x64
		{983E8AF2-EB04-46A8-AD9E-592747E7CBA7}.Debug|x64.ActiveCfg = Debug|x64
		{983E8AF2-EB04-46A8-AD9E-592747E7CBA7}.Debug|x64.Build.0 = Debug|x64
		{983E8AF2-EB04-46A8-AD9E-592747E7CBA7}.Debug|x86.ActiveCfg = Debug|Win32
		{983E8AF2-EB04-46A8-AD9E-592747E7CBA7}.Debug|x86.Build.0 = Debug|Win32
		{983E8AF2-EB04-46A8-AD9E-592747E7CBA7}.Release|Itanium.ActiveCfg = Release|x64
		{983E8AF2-EB04-46A8-AD9E-592747E7CBA7}.Release|Itanium.Build.0 = Release|x64
		{983E8AF2-EB04-46A8-AD9E-592747E7CBA7}.Release|x64.ActiveCfg = Release|x64
		{983E8AF2-EB04-46A8-AD9E-592747E7CBA7}.Release|x64.Build.0 = Release|x64
		{983E8AF2-EB04-46A8-AD9E-592747E7CBA7}.Release|x86.ActiveCfg = Release|Win32
		{983E8AF2-EB04-46A8-AD9E-592747E7CBA7}.Release|x86.Build.0 = Release|Win32
		{983E8AF2-EB04-46A8-AD9E-592747E7CBA7}.ReleaseWithoutAsm|Itanium.ActiveCfg = Release|x64
		{983E8AF2-EB04-46A8-AD9E-592747E7CBA7}.ReleaseWithoutAsm|Itanium.Build.0 = Release|x64
		{983E8AF2-EB04-46A8-AD9E-592747E7CBA7}.ReleaseWithoutAsm|x64.ActiveCfg = Release|x64
		{983E8AF2-EB04-46A8-AD9E-592747E7CBA7}.ReleaseWithoutAsm|x64.Build.0 = Release|x64
		{983E8AF2-EB04-46A8-AD9E-592747E7CBA7}.ReleaseWithoutAsm|x86.ActiveCfg = Release|Win32
		{983E8AF2-EB04-46A8-AD9E-592747E7CBA7}.ReleaseWithoutAsm|x86.Build.0 = Release|Win32
		{983E8AF2-EB04-46A8-AD9E-592747E7CBA7}.Trace|Itanium.ActiveCfg = Debug|x64
		{983E8AF2-EB04-46A8-AD9E-592747E7CBA7}.Trace|Itanium.Build.0 = Debug|x64
		{983E8AF2-EB04-46A8-AD9E-592747E7CBA7}.Trace|x64.ActiveCfg = Debug|x64
		{983E8AF2-EB04-46A8-AD9E-592747E7CBA7}.Trace|x64.Build.0 = Debug|x64
		{983E8AF2-EB04-46A8-AD9E-592747E7CBA7}.Trace|x86.ActiveCfg = Debug|Win32
		{983E8AF2-EB04-46A8-AD9E-592747E7CBA7}.Trace|x86.Build.0 = Debug|Win32
		{745DEC58-EBB3-47A9-A9B8-4C6627C01BF8}.Debug|Itanium.ActiveCfg = Debug|Itanium
		{745DEC58-EBB3-47A9-A9B8-4C6627C01BF8}.Debug|Itanium.Build.0 = Debug|Itanium
		{745DEC58-EBB3-47A9-A9B8-4C6627C01BF8}.Debug|x64.ActiveCfg = Debug|x64
		{745DEC58-EBB3-47A9-A9B8-4C6627C01BF8}.Debug|x64.Build.0 = Debug|x64
		{745DEC58-EBB3-47A9-A9B8-4C6627C01BF8}.Debug|x86.ActiveCfg = Debug|Win32
		{745DEC58-EBB3-47A9-A9B8-4C6627C01BF8}.Debug|x86.Build.0 = Debug|Win32
		{745DEC58-EBB3-47A9-A9B8-4C6627C01BF8}.Release|Itanium.ActiveCfg = Release|Itanium
		{745DEC58-EBB3-47A9-A9B8-4C6627C01BF8}.Release|Itanium.Build.0 = Release|Itanium
		{745DEC58-EBB3-47A9-A9B8-4C6627C01BF8}.Release|x64.ActiveCfg = Release|x64
		{745DEC58-EBB3-47A9-A9B8-4C6627C01BF8}.Release|x64.Build.0 = Release|x64
		{745DEC58-EBB3-47A9-A9B8-4C6627C01BF8}.Release|x86.ActiveCfg = Release|Win32
		{745DEC58-EBB3-47A9-A9B8-4C6627C01BF8}.Release|x86.Build.0 = Release|Win32
		{745DEC58-EBB3-47A9-A9B8-4C6627C01BF8}.ReleaseWithoutAsm|Itanium.ActiveCfg = ReleaseWithoutAsm|Itanium
		{745DEC58-EBB3-47A9-A9B8-4C6627C01BF8}.ReleaseWithoutAsm|Itanium.Build.0 = ReleaseWithoutAsm|Itanium
		{745DEC58-EBB3-47A9-A9B8-4C6627C01BF8}.ReleaseWithoutAsm|x64.ActiveCfg = ReleaseWithoutAsm|x64
		{745DEC58-EBB3-47A9-A9B8-4C6627C01BF8}.ReleaseWithoutAsm|x64.Build.0 = ReleaseWithoutAsm|x64
		{745DEC58-EBB3-47A9-A9B8-4C6627C01BF8}.ReleaseWithoutAsm|x86.ActiveCfg = ReleaseWithoutAsm|Win32
		{745DEC58-EBB3-47A9-A9B8-4C6627C01BF8}.ReleaseWithoutAsm|x86.Build.0 = ReleaseWithoutAsm|Win32
		{745DEC58-EBB3-47A9-A9B8-4C6627C01BF8}.Trace|Itanium.ActiveCfg = Trace|Itanium
		{745DEC58-EBB3-47A9-A9B8-4C6627C01BF8}.Trace|Itanium.Build.0 = Trace|Itanium
		{745DEC58-EBB3-47A9-A9B8-4C6627C01BF8}.Trace|x64.ActiveCfg = Trace|x64
		{745DEC58-EBB3-47A9-A9B8-4C6627C01BF8}.Trace|x64.Build.0 = Trace|x64
		{745DEC58-EBB3-47A9-A9B8-4C6627C01BF8}.Trace|x86.ActiveCfg = Trace|Win32
		{745DEC58-EBB3-47A9-A9B8-4C6627C01BF8}.Trace|x86.Build.0 = Trace|Win32
		{45F34112-4F5F-4C58-94DB-62E0EF176642}.Debug|Itanium.ActiveCfg = Debug|x64
		{45F34112-4F5F-4C58-94DB-62E0EF176642}.Debug|Itanium.Build.0 = Debug|x64
		{45F34112-4F5F-4C58-94DB-62E0EF176642}.Debug|x64.ActiveCfg = Debug|x64
		{45F34112-4F5F-4C58-94DB-62E0EF176642}.Debug|x64.Build.0 = Debug|x64
		{45F34112-4F5F-4C58-94DB-62E0EF176642}.Debug|x86.ActiveCfg = Debug|Win32
		{45F34112-4F5F-4C58-94DB-62E0EF176642}.Debug|x86.Build.0 = Debug|Win32
		{45F34112-4F5F-4C58-94DB-62E0EF176642}.Release|Itanium.ActiveCfg = Release|x64
		{45F34112-4F5F-4C58-94DB-62E0EF176642}.Release|Itanium.Build.0 = Release|x64
		{45F34112-4F5F-4C58-94DB-62E0EF176642}.Release|x64.ActiveCfg = Release|x64
		{45F34112-4F5F-4C58-94DB-62E0EF176642}.Release|x64.Build.0 = Release|x64
		{45F34112-4F5F-4C58-94DB-62E0EF176642}.Release|x86.ActiveCfg = Release|Win32
		{45F34112-4F5F-4C58-94DB-62E0EF176642}.Release|x86.Build.0 = Release|Win32
		{45F34112-4F5F-4C58-94DB-62E0EF176642}.ReleaseWithoutAsm|Itanium.ActiveCfg = Release|x64
		{45F34112-4F5F-4C58-94DB-62E0EF176642}.ReleaseWithoutAsm|Itanium.Build.0 = Release|x64
		{45F34112-4F5F-4C58-94DB-62E0EF176642}.ReleaseWithoutAsm|x64.ActiveCfg = Release|x64
		{45F34112-4F5F-4C58-94DB-62E0EF176642}.ReleaseWithoutAsm|x64.Build.0 = Release|x64
		{45F34112-4F5F-4C58-94DB-62E0EF176642}.ReleaseWithoutAsm|x86.ActiveCfg = Release|Win32
		{45F34112-4F5F-4C58-94DB-62E0EF176642}.ReleaseWithoutAsm|x86.Build.0 = Release|Win32
		{45F34112-4F5F-4C58-94DB-62E0EF176642}.Trace|Itanium.ActiveCfg = Debug|x64
		{45F34112-4F5F-4C58-94DB-62E0EF176642}.Trace|Itanium.Build.0 = Debug|x64
		{45F34112-4F5F-4C58-94DB-62E0EF176642}.Trace|x64.ActiveCfg = Debug|x64
		{45F34112-4F5F-4C58-94DB-62E0EF176642}.Trace|x64.Build.0 = Debug|x64
		{45F34112-4F5F-4C58-94DB-62E0EF176642}.Trace|x86.ActiveCfg = Debug|Win32
		{45F34112-4F5F-4C58-94DB-62E0EF176642}.Trace|x86.Build.0 = Debug|Win32
		{9EF582DE-2817-47F2-A08D-D1FF74E0D23D}.Debug|Itanium.ActiveCfg = Debug|x64
		{9EF582DE-2817-47F2-A08D-D1FF74E0D23D}.Debug|Itanium.Build.0 = Debug|x64
		{9EF582DE-2817-47F2-A08D-D1FF74E0D23D}.Debug|x64.ActiveCfg = Debug|x64
		{9EF582DE-2817-47F2-A08D-D1FF74E0D23D}.Debug|x64.Build.0 = Debug|x64
		{9EF582DE-2817-47F2-A08D-D1FF74E0D23D}.Debug|x86.ActiveCfg = Debug|Win32
		{9EF582DE-2817-47F2-A08D-D1FF74E0D23D}.Debug|x86.Build.0 = Debug|Win32
		{9EF582DE-2817-47F2-A08D-D1FF74E0D23D}.Release|Itanium.ActiveCfg = Release|x64
		{9EF582DE-2817-47F2-A08D-D1FF74E0D23D}.Release|Itanium.Build.0 = Release|x64
		{9EF582DE-2817-47F2-A08D-D1FF74E0D23D}.Release|x64.ActiveCfg = Release|x64
		{9EF582DE-2817-47F2-A08D-D1FF74E0D23D}.Release|x64.Build.0 = Release|x64
		{9EF582DE-2817-47F2-A08D-D1FF74E0D23D}.Release|x86.ActiveCfg = Release|Win32
		{9EF582DE-2817-47F2-A08D-D1FF74E0D23D}.Release|x86.Build.0 = Release|Win32
		{9EF582DE-2817-47F2-A08D-D1FF74E0D23D}.ReleaseWithoutAsm|Itanium.ActiveCfg = Release|x64
		{9EF582DE-2817-47F2-A08D-D1FF74E0D23D}.ReleaseWithoutAsm|Itanium.Build.0 = Release|x64
		{9EF582DE-2817-47F2-A08D-D1FF74E0D23D}.ReleaseWithoutAsm|x64.ActiveCfg = Release|x64
		{9EF582DE-2817-47F2-A08D-D1FF74E0D23D}.ReleaseWithoutAsm|x64.Build.0 = Release|x64
		{9EF582DE-2817-47F2-A08D-D1FF74E0D23D}.ReleaseWithoutAsm|x86.ActiveCfg = Release|Win32
		{9EF582DE-2817-47F2-A08D-D1FF74E0D23D}.ReleaseWithoutAsm|x86.Build.0 = Release|Win32
		{9EF582DE-2817-47F2-A08D-D1FF74E0D23D}.Trace|Itanium.ActiveCfg = Debug|x64
		{9EF582DE-2817-47F2-A08D-D1FF74E0D23D}.Trace|Itanium.Build.0 = Debug|x64
		{9EF582DE-2817-47F2-A08D-D1FF74E0D23D}.Trace|x64.ActiveCfg = Debug|x64
		{9EF582DE-2817-47F2-A08D-D1FF74E0D23D}.Trace|x64.Build.0 = Debug|x64
		{9EF582DE-2817-47F2-A08D-D1FF74E0D23D}.Trace|x86.ActiveCfg = Debug|Win32
		{9EF582DE-2817-47F2-A08D-D1FF74E0D23D}.Trace|x86.Build.0 = Debug|Win32
		{5F358595-7699-4CFE-9F73-0A4EE4997B2F}.Debug|Itanium.ActiveCfg = Debug|x64
		{5F358595-7699-4CFE-9F73-0A4EE4997B2F}.Debug|Itanium.Build.0 = Debug|x64
		{5F358595-7699-4CFE-9F73-0A4EE4997B2F}.Debug|x64.ActiveCfg = Debug|x64
		{5F358595-7699-4CFE-9F73-0A4EE4997B2F}.Debug|x64.Build.0 = Debug|x64
		{5F358595-7699-4CFE-9F73-0A4EE4997B2F}.Debug|x86.ActiveCfg = Debug|Win32
		{5F358595-7699-4CFE-9F73-0A4EE4997B2F}.Debug|x86.Build.0 = Debug|Win32
		{5F358595-7699-4CFE-9F73-0A4EE4997B2F}.Release|Itanium.ActiveCfg = Release|x64
		{5F358595-7699-4CFE-9F73-0A4EE4997B2F}.Release|Itanium.Build.0 = Release|x64
		{5F358595-7699-4CFE-9F73-0A4EE4997B2F}.Release|x64.ActiveCfg = Release|x64
		{5F358595-7699-4CFE-9F73-0A4EE4997B2F}.Release|x64.Build.0 = Release|x64
		{5F358595-7699-4CFE-9F73-0A4EE4997B2F}.Release|x86.ActiveCfg = Release|Win32
		{5F358595-7699-4CFE-9F73-0A4EE4997B2F}.Release|x86.Build.0 = Release|Win32
		{5F358595-7699-4CFE-9F73-0A4EE4997B2F}.ReleaseWithoutAsm|Itanium.ActiveCfg = Release|x64
		{5F358595-7699-4CFE-9F73-0A4EE4997B2F}.ReleaseWithoutAsm|Itanium.Build.0 = Release|x64
		{5F358595-7699-4CFE-9F73-0A4EE4997B2F}.ReleaseWithoutAsm|x64.ActiveCfg = Release|x64
		{5F358595-7699-4CFE-9F73-0A4EE4997B2F}.ReleaseWithoutAsm|x64.Build.0 = Release|x64
		{5F358595-7699-4CFE-9F73-0A4EE4997B2F}.ReleaseWithoutAsm|x86.ActiveCfg = Release|Win32
		{5F358595-7699-4CFE-9F73-0A4EE4997B2F}.ReleaseWithoutAsm|x86.Build.0 = Release|Win32
		{5F358595-7699-4CFE-9F73-0A4EE4997B2F}.Trace|Itanium.ActiveCfg = Debug|x64
		{5F358595-7699-4CFE-9F73-0A4EE4997B2F}.Trace|Itanium.Build.0 = Debug|x64
		{5F358595-7699-4CFE-9F73-0A4EE4997B2F}.Trace|x64.ActiveCfg = Debug|x64
		{5F358595-7699-4CFE-9F73-0A4EE4997B2F}.Trace|x64.Build.0 = Debug|x64
		{5F358595-7699-4CFE-9F73-0A4EE4997B2F}.Trace|x86.ActiveCfg = Debug|Win32
		{5F358595-7699-4CFE-9F73-0A4EE4997B2F}.Trace|x86.Build.0 = Debug|Win32
		{23E13F16-A084-41F1-AFDD-B948BF3BB314}.Debug|Itanium.ActiveCfg = Debug|x64
		{23E13F16-A084-41F1-AFDD-B948BF3BB314}.Debug|Itanium.Build.0 = Debug|x64
		{23E13F16-A084-41F1-AFDD-B948BF3BB314}.Debug|x64.ActiveCfg = Debug|x64
		{23E13F16-A084-41F1-AFDD-B948BF3BB314}.Debug|x64.Build.0 = Debug|x64
		{23E13F16-A084-41F1-AFDD-B948BF3BB314}.Debug|x86.ActiveCfg = Debug|Win32
		{23E13F16-A084-41F1-AFDD-B948BF3BB314}.Debug|x86.Build.0 = Debug|Win32
		{23E13F16-A084-41F1-AFDD-B948BF3BB314}.Release|Itanium.ActiveCfg = Release|x64
		{23E13F16-A084-41F1-AFDD-B948BF3BB314}.Release|Itanium.Build.0 = Release|x64
		{23E13F16-A084-41F1-AFDD-B948BF3BB314}.Release|x64.ActiveCfg = Release|x64
		{23E13F16-A084-41F1-AFDD-B948BF3BB314}.Release|x64.Build.0 = Release|x64
		{23E13F16-A084-41F1-AFDD-B948BF3BB314}.Release|x86.ActiveCfg = Release|Win32
		{23E13F16-A084-41F1-AFDD-B948BF3BB314}.Release|x86.Build.0 = Release|Win32
		{23E13F16-A084-41F1-AFDD-B948BF3BB314}.ReleaseWithoutAsm|Itanium.ActiveCfg = Release|x64
		{23E13F16-A084-41F1-AFDD-B948BF3BB314}.ReleaseWithoutAsm|Itanium.Build.0 = Release|x64
		{23E13F16-A084-41F1-AFDD-B948BF3BB314}.ReleaseWithoutAsm|x64.ActiveCfg = Release|x64
		{23E13F16-A084-41F1-AFDD-B948BF3BB314}.ReleaseWithoutAsm|x64.Build.0 = Release|x64
		{23E13F16-A084-41F1-AFDD-B948BF3BB314}.ReleaseWithoutAsm|x86.ActiveCfg = Release|Win32
		{23E13F16-A084-41F1-AFDD-B948BF3BB314}.ReleaseWithoutAsm|x86.Build.0 = Release|Win32
		{23E13F16-A084-41F1-AFDD-B948BF3BB314}.Trace|Itanium.ActiveCfg = Debug|x64
		{23E13F16-A084-41F1-AFDD-B948BF3BB314}.Trace|Itanium.Build.0 = Debug|x64
		{23E13F16-A084-41F1-AFDD-B948BF3BB314}.Trace|x64.ActiveCfg = Debug|x64
		{23E13F16-A084-41F1-AFDD-B948BF3BB314}.Trace|x64.Build.0 = Debug|x64
		{23E13F16-A084-41F1-AFDD-B948BF3BB314}.Trace|x86.ActiveCfg = Debug|Win32
		{23E13F16-A084-41F1-AFDD-B948BF3BB314}.Trace|x86.Build.0 = Debug|Win32
		{5A0A317E-14A4-4CDB-A40D-E3F3F7E51D10}.Debug|Itanium.ActiveCfg = Debug|x64
		{5A0A317E-14A4-4CDB-A40D-E3F3F7E51D10}.Debug|Itanium.Build.0 = Debug|x64
		{5A0A317E-14A4-4CDB-A40D-E3F3F7E51D10}.Debug|x64.ActiveCfg = Debug|x64
		{5A0A317E-14A4-4CDB-A40D-E3F3F7E51D10}.Debug|x64.Build.0 = Debug|x64
		{5A0A317E-14A4-4CDB-A40D-E3F3F7E51D10}.Debug|x86.ActiveCfg = Debug|Win32
		{5A0A317E-14A4-4CDB-A40D-E3F3F7E51D10}.Debug|x86.Build.0 = Debug|Win32
		{5A0A317E-14A4-4CDB-A40D-E3F3F7E51D10}.Release|Itanium.ActiveCfg = Release|x64
		{5A0A317E-14A4-4CDB-A40D-E3F3F7E51D10}.Release|Itanium.Build.0 = Release|x64
		{5A0A317E-14A4-4CDB-A40D-E3F3F7E51D10}.Release|x64.ActiveCfg = Release|x64
		{5A0A317E-14A4-4CDB-A40D-E3F3F7E51D10}.Release|x64.Build.0 = Release|x64
		{5A0A317E-14A4-4CDB-A40D-E3F3F7E51D10}.Release|x86.ActiveCfg = Release|Win32
		{5A0A317E-14A4-4CDB-A40D-E3F3F7E51D10}.Release|x86.Build.0 = Release|Win32
		{5A0A317E-14A4-4CDB-A40D-E3F3F7E51D10}.ReleaseWithoutAsm|Itanium.ActiveCfg = Release|x64
		{5A0A317E-14A4-4CDB-A40D-E3F3F7E51D10}.ReleaseWithoutAsm|Itanium.Build.0 = Release|x64
		{5A0A317E-14A4-4CDB-A40D-E3F3F7E51D10}.ReleaseWithoutAsm|x64.ActiveCfg = Release|x64
		{5A0A317E-14A4-4CDB-A40D-E3F3F7E51D10}.ReleaseWithoutAsm|x64.Build.0 = Release|x64
		{5A0A317E-14A4-4CDB-A40D-E3F3F7E51D10}.ReleaseWithoutAsm|x86.ActiveCfg = Release|Win32
		{5A0A317E-14A4-4CDB-A40D-E3F3F7E51D10}.ReleaseWithoutAsm|x86.Build.0 = Release|Win32
		{5A0A317E-14A4-4CDB-A40D-E3F3F7E51D10}.Trace|Itanium.ActiveCfg = Debug|x64
		{5A0A317E-14A4-4CDB-A40D-E3F3F7E51D10}.Trace|Itanium.Build.0 = Debug|x64
		{5A0A317E-14A4-4CDB-A40D-E3F3F7E51D10}.Trace|x64.ActiveCfg = Debug|x64
		{5A0A317E-14A4-4CDB-A40D-E3F3F7E51D10}.Trace|x64.Build.0 = Debug|x64
		{5A0A317E-14A4-4CDB-A40D-E3F3F7E51D10}.Trace|x86.ActiveCfg = Debug|Win32
		{5A0A317E-14A4-4CDB-A40D-E3F3F7E51D10}.Trace|x86.Build.0 = Debug|Win32
	EndGlobalSection
	GlobalSection(SolutionProperties) = preSolution
		HideSolutionNode = FALSE
	EndGlobalSection
	GlobalSection(NestedProjects) = preSolution
		{54C4F368-CAA6-4753-9163-2E760F4CD71D} = {A92239B8-54B4-4394-9B76-03AB200FCC96}
		{FEE24696-E12B-480C-8882-E19EF9A095D4} = {A92239B8-54B4-4394-9B76-03AB200FCC96}
		{D4A9E69E-A491-4F2B-9138-A91475E2ACD9} = {A92239B8-54B4-4394-9B76-03AB200FCC96}
		{08C93238-EA12-45A4-9B55-96F3146F9203} = {A92239B8-54B4-4394-9B76-03AB200FCC96}
		{01EFEDDB-5AEE-4622-8369-7FC9A593ACAE} = {A92239B8-54B4-4394-9B76-03AB200FCC96}
		{93B13BCD-E8EC-46B6-A4F9-63D1561AA45E} = {01EFEDDB-5AEE-4622-8369-7FC9A593ACAE}
		{226D7642-DCA5-44F5-BA80-0DC365AE8720} = {01EFEDDB-5AEE-4622-8369-7FC9A593ACAE}
		{F39190F8-F3FC-4019-A230-04D4EBD4BFEE} = {01EFEDDB-5AEE-4622-8369-7FC9A593ACAE}
		{73528A87-C4D1-4DB5-A458-3A5B7E925A4B} = {01EFEDDB-5AEE-4622-8369-7FC9A593ACAE}
		{983E8AF2-EB04-46A8-AD9E-592747E7CBA7} = {01EFEDDB-5AEE-4622-8369-7FC9A593ACAE}
		{23E13F16-A084-41F1-AFDD-B948BF3BB314} = {88F119F8-6530-45A9-9E16-072BABD51B2A}
		{5A0A317E-14A4-4CDB-A40D-E3F3F7E51D10} = {88F119F8-6530-45A9-9E16-072BABD51B2A}
	EndGlobalSection
	GlobalSection(ExtensibilityGlobals) = postSolution
		SolutionGuid = {36C4A8CC-5F16-418F-B120-9B32C9AF5F6A}
	EndGlobalSection
EndGlobal
